
Microsoft Visual Studio Solution File, Format Version 12.00
# Visual Studio 15
VisualStudioVersion = 15.0.28010.2016
MinimumVisualStudioVersion = 10.0.40219.1
Project("{FAE04EC0-301F-11D3-BF4B-00C04F79EFBC}") = "Articles", "Source\Articles\Articles.csproj", "{0F4B282A-68D1-4B31-BABC-BB94C1A73E9F}"
EndProject
Project("{FAE04EC0-301F-11D3-BF4B-00C04F79EFBC}") = "ArticlesClient", "Source\ArticlesClient\ArticlesClient.csproj", "{4A76316D-A57A-427B-A190-0FD927B67248}"
	ProjectSection(ProjectDependencies) = postProject
		{0F4B282A-68D1-4B31-BABC-BB94C1A73E9F} = {0F4B282A-68D1-4B31-BABC-BB94C1A73E9F}
	EndProjectSection
EndProject
Project("{FAE04EC0-301F-11D3-BF4B-00C04F79EFBC}") = "ArticlesTests", "Source\ArticlesTests\ArticlesTests.csproj", "{E79B1A6F-9EEA-45AB-A156-423ED3EE587E}"
EndProject
Project("{FAE04EC0-301F-11D3-BF4B-00C04F79EFBC}") = "ArticlesShell", "Source\ArticlesShell\ArticlesShell.csproj", "{F6FFE545-1459-4A62-9322-C94EF1C56EA2}"
	ProjectSection(ProjectDependencies) = postProject
		{0F4B282A-68D1-4B31-BABC-BB94C1A73E9F} = {0F4B282A-68D1-4B31-BABC-BB94C1A73E9F}
	EndProjectSection
EndProject
Project("{9A19103F-16F7-4668-BE54-9A1E7A4F7556}") = "ArticlesWeb", "Source\ArticlesWeb\ArticlesWeb.csproj", "{54318A4B-C459-4EA0-8A28-20A9AC62CCBC}"
	ProjectSection(ProjectDependencies) = postProject
		{0F4B282A-68D1-4B31-BABC-BB94C1A73E9F} = {0F4B282A-68D1-4B31-BABC-BB94C1A73E9F}
	EndProjectSection
EndProject
Global
	GlobalSection(SolutionConfigurationPlatforms) = preSolution
		Debug|Any CPU = Debug|Any CPU
		Release Without Core|Any CPU = Release Without Core|Any CPU
		Release|Any CPU = Release|Any CPU
	EndGlobalSection
	GlobalSection(ProjectConfigurationPlatforms) = postSolution
		{0F4B282A-68D1-4B31-BABC-BB94C1A73E9F}.Debug|Any CPU.ActiveCfg = Debug|Any CPU
		{0F4B282A-68D1-4B31-BABC-BB94C1A73E9F}.Debug|Any CPU.Build.0 = Debug|Any CPU
		{0F4B282A-68D1-4B31-BABC-BB94C1A73E9F}.Release Without Core|Any CPU.ActiveCfg = Release Without Core|Any CPU
		{0F4B282A-68D1-4B31-BABC-BB94C1A73E9F}.Release Without Core|Any CPU.Build.0 = Release Without Core|Any CPU
		{0F4B282A-68D1-4B31-BABC-BB94C1A73E9F}.Release|Any CPU.ActiveCfg = Release|Any CPU
		{0F4B282A-68D1-4B31-BABC-BB94C1A73E9F}.Release|Any CPU.Build.0 = Release|Any CPU
		{4A76316D-A57A-427B-A190-0FD927B67248}.Debug|Any CPU.ActiveCfg = Debug|Any CPU
		{4A76316D-A57A-427B-A190-0FD927B67248}.Debug|Any CPU.Build.0 = Debug|Any CPU
		{4A76316D-A57A-427B-A190-0FD927B67248}.Release Without Core|Any CPU.ActiveCfg = Release Without Core|Any CPU
		{4A76316D-A57A-427B-A190-0FD927B67248}.Release Without Core|Any CPU.Build.0 = Release Without Core|Any CPU
		{4A76316D-A57A-427B-A190-0FD927B67248}.Release|Any CPU.ActiveCfg = Release|Any CPU
		{4A76316D-A57A-427B-A190-0FD927B67248}.Release|Any CPU.Build.0 = Release|Any CPU
		{E79B1A6F-9EEA-45AB-A156-423ED3EE587E}.Debug|Any CPU.ActiveCfg = Debug|Any CPU
		{E79B1A6F-9EEA-45AB-A156-423ED3EE587E}.Debug|Any CPU.Build.0 = Debug|Any CPU
		{E79B1A6F-9EEA-45AB-A156-423ED3EE587E}.Release Without Core|Any CPU.ActiveCfg = Release Without Core|Any CPU
		{E79B1A6F-9EEA-45AB-A156-423ED3EE587E}.Release Without Core|Any CPU.Build.0 = Release Without Core|Any CPU
		{E79B1A6F-9EEA-45AB-A156-423ED3EE587E}.Release|Any CPU.ActiveCfg = Release|Any CPU
		{E79B1A6F-9EEA-45AB-A156-423ED3EE587E}.Release|Any CPU.Build.0 = Release|Any CPU
		{F6FFE545-1459-4A62-9322-C94EF1C56EA2}.Debug|Any CPU.ActiveCfg = Debug|Any CPU
		{F6FFE545-1459-4A62-9322-C94EF1C56EA2}.Debug|Any CPU.Build.0 = Debug|Any CPU
		{F6FFE545-1459-4A62-9322-C94EF1C56EA2}.Release Without Core|Any CPU.ActiveCfg = Release Without Core|Any CPU
		{F6FFE545-1459-4A62-9322-C94EF1C56EA2}.Release Without Core|Any CPU.Build.0 = Release Without Core|Any CPU
		{F6FFE545-1459-4A62-9322-C94EF1C56EA2}.Release|Any CPU.ActiveCfg = Release|Any CPU
		{F6FFE545-1459-4A62-9322-C94EF1C56EA2}.Release|Any CPU.Build.0 = Release|Any CPU
		{54318A4B-C459-4EA0-8A28-20A9AC62CCBC}.Debug|Any CPU.ActiveCfg = Debug|Any CPU
		{54318A4B-C459-4EA0-8A28-20A9AC62CCBC}.Debug|Any CPU.Build.0 = Debug|Any CPU
		{54318A4B-C459-4EA0-8A28-20A9AC62CCBC}.Release Without Core|Any CPU.ActiveCfg = Release Without Core|Any CPU
		{54318A4B-C459-4EA0-8A28-20A9AC62CCBC}.Release|Any CPU.ActiveCfg = Release|Any CPU
		{54318A4B-C459-4EA0-8A28-20A9AC62CCBC}.Release|Any CPU.Build.0 = Release|Any CPU
	EndGlobalSection
	GlobalSection(SolutionProperties) = preSolution
		HideSolutionNode = FALSE
	EndGlobalSection
	GlobalSection(ExtensibilityGlobals) = postSolution
		SolutionGuid = {43378565-8247-491A-9ABB-2704203784E0}
	EndGlobalSection
EndGlobal
